
Microsoft Visual Studio Solution File, Format Version 12.00
# Visual Studio 2013
VisualStudioVersion = 12.0.40629.0
MinimumVisualStudioVersion = 10.0.40219.1
Project("{FAE04EC0-301F-11D3-BF4B-00C04F79EFBC}") = "LC_Service", "LC_Service.csproj", "{00538B6F-B7C5-40B8-9723-671D0CA3C0A1}"
EndProject
Global
	GlobalSection(SolutionConfigurationPlatforms) = preSolution
		Debug|Any CPU = Debug|Any CPU
		Release|Any CPU = Release|Any CPU
	EndGlobalSection
	GlobalSection(ProjectConfigurationPlatforms) = postSolution
		{00538B6F-B7C5-40B8-9723-671D0CA3C0A1}.Debug|Any CPU.ActiveCfg = Debug|Any CPU
		{00538B6F-B7C5-40B8-9723-671D0CA3C0A1}.Debug|Any CPU.Build.0 = Debug|Any CPU
		{00538B6F-B7C5-40B8-9723-671D0CA3C0A1}.Release|Any CPU.ActiveCfg = Release|Any CPU
		{00538B6F-B7C5-40B8-9723-671D0CA3C0A1}.Release|Any CPU.Build.0 = Release|Any CPU
	EndGlobalSection
	GlobalSection(SolutionProperties) = preSolution
		HideSolutionNode = FALSE
	EndGlobalSection
EndGlobal
